
Microsoft Visual Studio Solution File, Format Version 12.00
# Visual Studio 15
VisualStudioVersion = 15.0.28307.645
MinimumVisualStudioVersion = 10.0.40219.1
Project("{FAE04EC0-301F-11D3-BF4B-00C04F79EFBC}") = "MatchThreeV2", "MatchThreeV2\MatchThreeV2.csproj", "{D3C0E091-BF38-4816-9148-95DC19A8297F}"
EndProject
Global
	GlobalSection(SolutionConfigurationPlatforms) = preSolution
		Debug|Any CPU = Debug|Any CPU
		Release|Any CPU = Release|Any CPU
	EndGlobalSection
	GlobalSection(ProjectConfigurationPlatforms) = postSolution
		{D3C0E091-BF38-4816-9148-95DC19A8297F}.Debug|Any CPU.ActiveCfg = Debug|Any CPU
		{D3C0E091-BF38-4816-9148-95DC19A8297F}.Debug|Any CPU.Build.0 = Debug|Any CPU
		{D3C0E091-BF38-4816-9148-95DC19A8297F}.Release|Any CPU.ActiveCfg = Release|Any CPU
		{D3C0E091-BF38-4816-9148-95DC19A8297F}.Release|Any CPU.Build.0 = Release|Any CPU
	EndGlobalSection
	GlobalSection(SolutionProperties) = preSolution
		HideSolutionNode = FALSE
	EndGlobalSection
	GlobalSection(ExtensibilityGlobals) = postSolution
		SolutionGuid = {969B9173-B985-4E26-862B-DF4D579842FA}
	EndGlobalSection
EndGlobal
