
Microsoft Visual Studio Solution File, Format Version 12.00
# Visual Studio 15
VisualStudioVersion = 15.0.28307.489
MinimumVisualStudioVersion = 10.0.40219.1
Project("{FAE04EC0-301F-11D3-BF4B-00C04F79EFBC}") = "PassordApp", "PassordApp\PassordApp.csproj", "{684AAD4A-D5CE-4CA3-8C21-31D72461D1F6}"
EndProject
Global
	GlobalSection(SolutionConfigurationPlatforms) = preSolution
		Debug|Any CPU = Debug|Any CPU
		Release|Any CPU = Release|Any CPU
	EndGlobalSection
	GlobalSection(ProjectConfigurationPlatforms) = postSolution
		{684AAD4A-D5CE-4CA3-8C21-31D72461D1F6}.Debug|Any CPU.ActiveCfg = Debug|Any CPU
		{684AAD4A-D5CE-4CA3-8C21-31D72461D1F6}.Debug|Any CPU.Build.0 = Debug|Any CPU
		{684AAD4A-D5CE-4CA3-8C21-31D72461D1F6}.Release|Any CPU.ActiveCfg = Release|Any CPU
		{684AAD4A-D5CE-4CA3-8C21-31D72461D1F6}.Release|Any CPU.Build.0 = Release|Any CPU
	EndGlobalSection
	GlobalSection(SolutionProperties) = preSolution
		HideSolutionNode = FALSE
	EndGlobalSection
	GlobalSection(ExtensibilityGlobals) = postSolution
		SolutionGuid = {8EBFDD3C-546A-4008-AA07-4018EFD01B46}
	EndGlobalSection
EndGlobal
