
Microsoft Visual Studio Solution File, Format Version 12.00
# Visual Studio 15
VisualStudioVersion = 15.0.28307.572
MinimumVisualStudioVersion = 10.0.40219.1
Project("{FAE04EC0-301F-11D3-BF4B-00C04F79EFBC}") = "liste", "liste\liste.csproj", "{9DF07A3D-1B54-46B3-BF8D-EDAAE03F9859}"
EndProject
Global
	GlobalSection(SolutionConfigurationPlatforms) = preSolution
		Debug|Any CPU = Debug|Any CPU
		Release|Any CPU = Release|Any CPU
	EndGlobalSection
	GlobalSection(ProjectConfigurationPlatforms) = postSolution
		{9DF07A3D-1B54-46B3-BF8D-EDAAE03F9859}.Debug|Any CPU.ActiveCfg = Debug|Any CPU
		{9DF07A3D-1B54-46B3-BF8D-EDAAE03F9859}.Debug|Any CPU.Build.0 = Debug|Any CPU
		{9DF07A3D-1B54-46B3-BF8D-EDAAE03F9859}.Release|Any CPU.ActiveCfg = Release|Any CPU
		{9DF07A3D-1B54-46B3-BF8D-EDAAE03F9859}.Release|Any CPU.Build.0 = Release|Any CPU
	EndGlobalSection
	GlobalSection(SolutionProperties) = preSolution
		HideSolutionNode = FALSE
	EndGlobalSection
	GlobalSection(ExtensibilityGlobals) = postSolution
		SolutionGuid = {E0925A40-763A-48FB-B107-E69BF758147A}
	EndGlobalSection
EndGlobal
